// !$*UTF8*$!
{
	archiveVersion = 1;
	classes = {
	};
	objectVersion = 50;
	objects = {

/* Begin PBXBuildFile section */
		4C5E34BC247DFB620088638B /* sphere.obj in Resources */ = {isa = PBXBuildFile; fileRef = 4C5E34BB247DFB610088638B /* sphere.obj */; };
		4C5E34BE247E06F30088638B /* Object.swift in Sources */ = {isa = PBXBuildFile; fileRef = 4C5E34BD247E06F30088638B /* Object.swift */; };
		4C5E34C0247E07EA0088638B /* Scene.swift in Sources */ = {isa = PBXBuildFile; fileRef = 4C5E34BF247E07EA0088638B /* Scene.swift */; };
		4C5E34C2247E146D0088638B /* cube.obj in Resources */ = {isa = PBXBuildFile; fileRef = 4C5E34C1247E146D0088638B /* cube.obj */; };
		4C5E34C42480DA010088638B /* box.obj in Resources */ = {isa = PBXBuildFile; fileRef = 4C5E34C32480DA010088638B /* box.obj */; };
		4CAB68B82474C15A0094C0F6 /* AppDelegate.swift in Sources */ = {isa = PBXBuildFile; fileRef = 4CAB68B72474C15A0094C0F6 /* AppDelegate.swift */; };
		4CAB68C12474C15C0094C0F6 /* Assets.xcassets in Resources */ = {isa = PBXBuildFile; fileRef = 4CAB68C02474C15C0094C0F6 /* Assets.xcassets */; };
		4CAB68C42474C15C0094C0F6 /* Main.storyboard in Resources */ = {isa = PBXBuildFile; fileRef = 4CAB68C22474C15C0094C0F6 /* Main.storyboard */; };
		4CAB68D72474C1E60094C0F6 /* RenderViewController.swift in Sources */ = {isa = PBXBuildFile; fileRef = 4CAB68D02474C1E60094C0F6 /* RenderViewController.swift */; };
		4CAB68D92474C1E60094C0F6 /* Renderer.swift in Sources */ = {isa = PBXBuildFile; fileRef = 4CAB68D22474C1E60094C0F6 /* Renderer.swift */; };
		4CAB68DA2474C1E60094C0F6 /* RenderView.swift in Sources */ = {isa = PBXBuildFile; fileRef = 4CAB68D32474C1E60094C0F6 /* RenderView.swift */; };
		4CAB68DB2474C1E60094C0F6 /* Rasterizer.metal in Sources */ = {isa = PBXBuildFile; fileRef = 4CAB68D42474C1E60094C0F6 /* Rasterizer.metal */; };
		4CAB68DC2474C1E60094C0F6 /* MetalKeys.swift in Sources */ = {isa = PBXBuildFile; fileRef = 4CAB68D52474C1E60094C0F6 /* MetalKeys.swift */; };
		4CAB68E92474C3D60094C0F6 /* Movement.swift in Sources */ = {isa = PBXBuildFile; fileRef = 4CAB68E72474C3D60094C0F6 /* Movement.swift */; };
		4CAB68EA2474C3D60094C0F6 /* UtilityFunctions.swift in Sources */ = {isa = PBXBuildFile; fileRef = 4CAB68E82474C3D60094C0F6 /* UtilityFunctions.swift */; };
		4CE467AE248352C3000E4436 /* brdf.metal in Sources */ = {isa = PBXBuildFile; fileRef = 4CE467AD248352C3000E4436 /* brdf.metal */; };
		4CE467B024835EF7000E4436 /* Renderer+EventHandling.swift in Sources */ = {isa = PBXBuildFile; fileRef = 4CE467AF24835EF7000E4436 /* Renderer+EventHandling.swift */; };
/* End PBXBuildFile section */

/* Begin PBXFileReference section */
		4C5E34BB247DFB610088638B /* sphere.obj */ = {isa = PBXFileReference; fileEncoding = 4; lastKnownFileType = text; path = sphere.obj; sourceTree = "<group>"; };
		4C5E34BD247E06F30088638B /* Object.swift */ = {isa = PBXFileReference; lastKnownFileType = sourcecode.swift; path = Object.swift; sourceTree = "<group>"; };
		4C5E34BF247E07EA0088638B /* Scene.swift */ = {isa = PBXFileReference; lastKnownFileType = sourcecode.swift; path = Scene.swift; sourceTree = "<group>"; };
		4C5E34C1247E146D0088638B /* cube.obj */ = {isa = PBXFileReference; fileEncoding = 4; lastKnownFileType = text; path = cube.obj; sourceTree = "<group>"; };
		4C5E34C32480DA010088638B /* box.obj */ = {isa = PBXFileReference; fileEncoding = 4; lastKnownFileType = text; path = box.obj; sourceTree = "<group>"; };
		4CAB68B42474C15A0094C0F6 /* PBR.app */ = {isa = PBXFileReference; explicitFileType = wrapper.application; includeInIndex = 0; path = PBR.app; sourceTree = BUILT_PRODUCTS_DIR; };
		4CAB68B72474C15A0094C0F6 /* AppDelegate.swift */ = {isa = PBXFileReference; lastKnownFileType = sourcecode.swift; path = AppDelegate.swift; sourceTree = "<group>"; };
		4CAB68C02474C15C0094C0F6 /* Assets.xcassets */ = {isa = PBXFileReference; lastKnownFileType = folder.assetcatalog; path = Assets.xcassets; sourceTree = "<group>"; };
		4CAB68C32474C15C0094C0F6 /* Base */ = {isa = PBXFileReference; lastKnownFileType = file.storyboard; name = Base; path = Base.lproj/Main.storyboard; sourceTree = "<group>"; };
		4CAB68C52474C15C0094C0F6 /* Info.plist */ = {isa = PBXFileReference; lastKnownFileType = text.plist.xml; path = Info.plist; sourceTree = "<group>"; };
		4CAB68C62474C15C0094C0F6 /* PBR.entitlements */ = {isa = PBXFileReference; lastKnownFileType = text.plist.entitlements; path = PBR.entitlements; sourceTree = "<group>"; };
		4CAB68D02474C1E60094C0F6 /* RenderViewController.swift */ = {isa = PBXFileReference; fileEncoding = 4; lastKnownFileType = sourcecode.swift; path = RenderViewController.swift; sourceTree = "<group>"; };
		4CAB68D22474C1E60094C0F6 /* Renderer.swift */ = {isa = PBXFileReference; fileEncoding = 4; lastKnownFileType = sourcecode.swift; path = Renderer.swift; sourceTree = "<group>"; };
		4CAB68D32474C1E60094C0F6 /* RenderView.swift */ = {isa = PBXFileReference; fileEncoding = 4; lastKnownFileType = sourcecode.swift; path = RenderView.swift; sourceTree = "<group>"; };
		4CAB68D42474C1E60094C0F6 /* Rasterizer.metal */ = {isa = PBXFileReference; fileEncoding = 4; lastKnownFileType = sourcecode.metal; path = Rasterizer.metal; sourceTree = "<group>"; };
		4CAB68D52474C1E60094C0F6 /* MetalKeys.swift */ = {isa = PBXFileReference; fileEncoding = 4; lastKnownFileType = sourcecode.swift; path = MetalKeys.swift; sourceTree = "<group>"; };
		4CAB68D62474C1E60094C0F6 /* ShaderStructs.h */ = {isa = PBXFileReference; fileEncoding = 4; lastKnownFileType = sourcecode.c.h; path = ShaderStructs.h; sourceTree = "<group>"; };
		4CAB68DD2474C2910094C0F6 /* PBR-Bridging-Header.h */ = {isa = PBXFileReference; lastKnownFileType = sourcecode.c.h; path = "PBR-Bridging-Header.h"; sourceTree = "<group>"; };
		4CAB68E72474C3D60094C0F6 /* Movement.swift */ = {isa = PBXFileReference; fileEncoding = 4; lastKnownFileType = sourcecode.swift; path = Movement.swift; sourceTree = "<group>"; };
		4CAB68E82474C3D60094C0F6 /* UtilityFunctions.swift */ = {isa = PBXFileReference; fileEncoding = 4; lastKnownFileType = sourcecode.swift; path = UtilityFunctions.swift; sourceTree = "<group>"; };
		4CE467AC2483529B000E4436 /* brdf.h */ = {isa = PBXFileReference; lastKnownFileType = sourcecode.c.h; path = brdf.h; sourceTree = "<group>"; };
		4CE467AD248352C3000E4436 /* brdf.metal */ = {isa = PBXFileReference; lastKnownFileType = sourcecode.metal; path = brdf.metal; sourceTree = "<group>"; };
		4CE467AF24835EF7000E4436 /* Renderer+EventHandling.swift */ = {isa = PBXFileReference; lastKnownFileType = sourcecode.swift; path = "Renderer+EventHandling.swift"; sourceTree = "<group>"; };
/* End PBXFileReference section */

/* Begin PBXFrameworksBuildPhase section */
		4CAB68B12474C15A0094C0F6 /* Frameworks */ = {
			isa = PBXFrameworksBuildPhase;
			buildActionMask = 2147483647;
			files = (
			);
			runOnlyForDeploymentPostprocessing = 0;
		};
/* End PBXFrameworksBuildPhase section */

/* Begin PBXGroup section */
		4CAB68AB2474C15A0094C0F6 = {
			isa = PBXGroup;
			children = (
				4CAB68B62474C15A0094C0F6 /* PBR */,
				4CAB68B52474C15A0094C0F6 /* Products */,
			);
			sourceTree = "<group>";
		};
		4CAB68B52474C15A0094C0F6 /* Products */ = {
			isa = PBXGroup;
			children = (
				4CAB68B42474C15A0094C0F6 /* PBR.app */,
			);
			name = Products;
			sourceTree = "<group>";
		};
		4CAB68B62474C15A0094C0F6 /* PBR */ = {
			isa = PBXGroup;
			children = (
				4CAB68E62474C3D00094C0F6 /* Library */,
				4CAB68D52474C1E60094C0F6 /* MetalKeys.swift */,
				4CAB68D42474C1E60094C0F6 /* Rasterizer.metal */,
				4C5E34C32480DA010088638B /* box.obj */,
				4CAB68D22474C1E60094C0F6 /* Renderer.swift */,
				4CE467AF24835EF7000E4436 /* Renderer+EventHandling.swift */,
				4C5E34C1247E146D0088638B /* cube.obj */,
				4C5E34BF247E07EA0088638B /* Scene.swift */,
				4CAB68D32474C1E60094C0F6 /* RenderView.swift */,
				4CAB68D02474C1E60094C0F6 /* RenderViewController.swift */,
				4CAB68D62474C1E60094C0F6 /* ShaderStructs.h */,
				4CE467AC2483529B000E4436 /* brdf.h */,
				4CE467AD248352C3000E4436 /* brdf.metal */,
				4C5E34BB247DFB610088638B /* sphere.obj */,
				4CAB68B72474C15A0094C0F6 /* AppDelegate.swift */,
				4CAB68C02474C15C0094C0F6 /* Assets.xcassets */,
				4CAB68C22474C15C0094C0F6 /* Main.storyboard */,
				4CAB68DD2474C2910094C0F6 /* PBR-Bridging-Header.h */,
				4CAB68C52474C15C0094C0F6 /* Info.plist */,
				4CAB68C62474C15C0094C0F6 /* PBR.entitlements */,
			);
			path = PBR;
			sourceTree = "<group>";
		};
		4CAB68E62474C3D00094C0F6 /* Library */ = {
			isa = PBXGroup;
			children = (
				4CAB68E72474C3D60094C0F6 /* Movement.swift */,
				4C5E34BD247E06F30088638B /* Object.swift */,
				4CAB68E82474C3D60094C0F6 /* UtilityFunctions.swift */,
			);
			path = Library;
			sourceTree = "<group>";
		};
/* End PBXGroup section */

/* Begin PBXNativeTarget section */
		4CAB68B32474C15A0094C0F6 /* PBR */ = {
			isa = PBXNativeTarget;
			buildConfigurationList = 4CAB68C92474C15C0094C0F6 /* Build configuration list for PBXNativeTarget "PBR" */;
			buildPhases = (
				4CAB68B02474C15A0094C0F6 /* Sources */,
				4CAB68B12474C15A0094C0F6 /* Frameworks */,
				4CAB68B22474C15A0094C0F6 /* Resources */,
			);
			buildRules = (
			);
			dependencies = (
			);
			name = PBR;
			productName = PBR;
			productReference = 4CAB68B42474C15A0094C0F6 /* PBR.app */;
			productType = "com.apple.product-type.application";
		};
/* End PBXNativeTarget section */

/* Begin PBXProject section */
		4CAB68AC2474C15A0094C0F6 /* Project object */ = {
			isa = PBXProject;
			attributes = {
				LastSwiftUpdateCheck = 1150;
				LastUpgradeCheck = 1150;
				ORGANIZATIONNAME = "Michael Kelly";
				TargetAttributes = {
					4CAB68B32474C15A0094C0F6 = {
						CreatedOnToolsVersion = 11.5;
					};
				};
			};
			buildConfigurationList = 4CAB68AF2474C15A0094C0F6 /* Build configuration list for PBXProject "PBR" */;
			compatibilityVersion = "Xcode 9.3";
			developmentRegion = en;
			hasScannedForEncodings = 0;
			knownRegions = (
				en,
				Base,
			);
			mainGroup = 4CAB68AB2474C15A0094C0F6;
			productRefGroup = 4CAB68B52474C15A0094C0F6 /* Products */;
			projectDirPath = "";
			projectRoot = "";
			targets = (
				4CAB68B32474C15A0094C0F6 /* PBR */,
			);
		};
/* End PBXProject section */

/* Begin PBXResourcesBuildPhase section */
		4CAB68B22474C15A0094C0F6 /* Resources */ = {
			isa = PBXResourcesBuildPhase;
			buildActionMask = 2147483647;
			files = (
				4C5E34C2247E146D0088638B /* cube.obj in Resources */,
				4CAB68C12474C15C0094C0F6 /* Assets.xcassets in Resources */,
				4C5E34C42480DA010088638B /* box.obj in Resources */,
				4C5E34BC247DFB620088638B /* sphere.obj in Resources */,
				4CAB68C42474C15C0094C0F6 /* Main.storyboard in Resources */,
			);
			runOnlyForDeploymentPostprocessing = 0;
		};
/* End PBXResourcesBuildPhase section */

/* Begin PBXSourcesBuildPhase section */
		4CAB68B02474C15A0094C0F6 /* Sources */ = {
			isa = PBXSourcesBuildPhase;
			buildActionMask = 2147483647;
			files = (
				4CE467B024835EF7000E4436 /* Renderer+EventHandling.swift in Sources */,
				4CE467AE248352C3000E4436 /* brdf.metal in Sources */,
				4CAB68D72474C1E60094C0F6 /* RenderViewController.swift in Sources */,
				4CAB68DC2474C1E60094C0F6 /* MetalKeys.swift in Sources */,
				4C5E34C0247E07EA0088638B /* Scene.swift in Sources */,
				4CAB68D92474C1E60094C0F6 /* Renderer.swift in Sources */,
				4CAB68E92474C3D60094C0F6 /* Movement.swift in Sources */,
				4C5E34BE247E06F30088638B /* Object.swift in Sources */,
				4CAB68DB2474C1E60094C0F6 /* Rasterizer.metal in Sources */,
				4CAB68DA2474C1E60094C0F6 /* RenderView.swift in Sources */,
				4CAB68EA2474C3D60094C0F6 /* UtilityFunctions.swift in Sources */,
				4CAB68B82474C15A0094C0F6 /* AppDelegate.swift in Sources */,
			);
			runOnlyForDeploymentPostprocessing = 0;
		};
/* End PBXSourcesBuildPhase section */

/* Begin PBXVariantGroup section */
		4CAB68C22474C15C0094C0F6 /* Main.storyboard */ = {
			isa = PBXVariantGroup;
			children = (
				4CAB68C32474C15C0094C0F6 /* Base */,
			);
			name = Main.storyboard;
			sourceTree = "<group>";
		};
/* End PBXVariantGroup section */

/* Begin XCBuildConfiguration section */
		4CAB68C72474C15C0094C0F6 /* Debug */ = {
			isa = XCBuildConfiguration;
			buildSettings = {
				ALWAYS_SEARCH_USER_PATHS = NO;
				CLANG_ANALYZER_NONNULL = YES;
				CLANG_ANALYZER_NUMBER_OBJECT_CONVERSION = YES_AGGRESSIVE;
				CLANG_CXX_LANGUAGE_STANDARD = "gnu++14";
				CLANG_CXX_LIBRARY = "libc++";
				CLANG_ENABLE_MODULES = YES;
				CLANG_ENABLE_OBJC_ARC = YES;
				CLANG_ENABLE_OBJC_WEAK = YES;
				CLANG_WARN_BLOCK_CAPTURE_AUTORELEASING = YES;
				CLANG_WARN_BOOL_CONVERSION = YES;
				CLANG_WARN_COMMA = YES;
				CLANG_WARN_CONSTANT_CONVERSION = YES;
				CLANG_WARN_DEPRECATED_OBJC_IMPLEMENTATIONS = YES;
				CLANG_WARN_DIRECT_OBJC_ISA_USAGE = YES_ERROR;
				CLANG_WARN_DOCUMENTATION_COMMENTS = YES;
				CLANG_WARN_EMPTY_BODY = YES;
				CLANG_WARN_ENUM_CONVERSION = YES;
				CLANG_WARN_INFINITE_RECURSION = YES;
				CLANG_WARN_INT_CONVERSION = YES;
				CLANG_WARN_NON_LITERAL_NULL_CONVERSION = YES;
				CLANG_WARN_OBJC_IMPLICIT_RETAIN_SELF = YES;
				CLANG_WARN_OBJC_LITERAL_CONVERSION = YES;
				CLANG_WARN_OBJC_ROOT_CLASS = YES_ERROR;
				CLANG_WARN_RANGE_LOOP_ANALYSIS = YES;
				CLANG_WARN_STRICT_PROTOTYPES = YES;
				CLANG_WARN_SUSPICIOUS_MOVE = YES;
				CLANG_WARN_UNGUARDED_AVAILABILITY = YES_AGGRESSIVE;
				CLANG_WARN_UNREACHABLE_CODE = YES;
				CLANG_WARN__DUPLICATE_METHOD_MATCH = YES;
				COPY_PHASE_STRIP = NO;
				DEBUG_INFORMATION_FORMAT = dwarf;
				ENABLE_STRICT_OBJC_MSGSEND = YES;
				ENABLE_TESTABILITY = YES;
				GCC_C_LANGUAGE_STANDARD = gnu11;
				GCC_DYNAMIC_NO_PIC = NO;
				GCC_NO_COMMON_BLOCKS = YES;
				GCC_OPTIMIZATION_LEVEL = 0;
				GCC_PREPROCESSOR_DEFINITIONS = (
					"DEBUG=1",
					"$(inherited)",
				);
				GCC_WARN_64_TO_32_BIT_CONVERSION = YES;
				GCC_WARN_ABOUT_RETURN_TYPE = YES_ERROR;
				GCC_WARN_UNDECLARED_SELECTOR = YES;
				GCC_WARN_UNINITIALIZED_AUTOS = YES_AGGRESSIVE;
				GCC_WARN_UNUSED_FUNCTION = YES;
				GCC_WARN_UNUSED_VARIABLE = YES;
				MACOSX_DEPLOYMENT_TARGET = 10.15;
				MTL_ENABLE_DEBUG_INFO = INCLUDE_SOURCE;
				MTL_FAST_MATH = YES;
				ONLY_ACTIVE_ARCH = YES;
				SDKROOT = macosx;
				SWIFT_ACTIVE_COMPILATION_CONDITIONS = DEBUG;
				SWIFT_OPTIMIZATION_LEVEL = "-Onone";
			};
			name = Debug;
		};
		4CAB68C82474C15C0094C0F6 /* Release */ = {
			isa = XCBuildConfiguration;
			buildSettings = {
				ALWAYS_SEARCH_USER_PATHS = NO;
				CLANG_ANALYZER_NONNULL = YES;
				CLANG_ANALYZER_NUMBER_OBJECT_CONVERSION = YES_AGGRESSIVE;
				CLANG_CXX_LANGUAGE_STANDARD = "gnu++14";
				CLANG_CXX_LIBRARY = "libc++";
				CLANG_ENABLE_MODULES = YES;
				CLANG_ENABLE_OBJC_ARC = YES;
				CLANG_ENABLE_OBJC_WEAK = YES;
				CLANG_WARN_BLOCK_CAPTURE_AUTORELEASING = YES;
				CLANG_WARN_BOOL_CONVERSION = YES;
				CLANG_WARN_COMMA = YES;
				CLANG_WARN_CONSTANT_CONVERSION = YES;
				CLANG_WARN_DEPRECATED_OBJC_IMPLEMENTATIONS = YES;
				CLANG_WARN_DIRECT_OBJC_ISA_USAGE = YES_ERROR;
				CLANG_WARN_DOCUMENTATION_COMMENTS = YES;
				CLANG_WARN_EMPTY_BODY = YES;
				CLANG_WARN_ENUM_CONVERSION = YES;
				CLANG_WARN_INFINITE_RECURSION = YES;
				CLANG_WARN_INT_CONVERSION = YES;
				CLANG_WARN_NON_LITERAL_NULL_CONVERSION = YES;
				CLANG_WARN_OBJC_IMPLICIT_RETAIN_SELF = YES;
				CLANG_WARN_OBJC_LITERAL_CONVERSION = YES;
				CLANG_WARN_OBJC_ROOT_CLASS = YES_ERROR;
				CLANG_WARN_RANGE_LOOP_ANALYSIS = YES;
				CLANG_WARN_STRICT_PROTOTYPES = YES;
				CLANG_WARN_SUSPICIOUS_MOVE = YES;
				CLANG_WARN_UNGUARDED_AVAILABILITY = YES_AGGRESSIVE;
				CLANG_WARN_UNREACHABLE_CODE = YES;
				CLANG_WARN__DUPLICATE_METHOD_MATCH = YES;
				COPY_PHASE_STRIP = NO;
				DEBUG_INFORMATION_FORMAT = "dwarf-with-dsym";
				ENABLE_NS_ASSERTIONS = NO;
				ENABLE_STRICT_OBJC_MSGSEND = YES;
				GCC_C_LANGUAGE_STANDARD = gnu11;
				GCC_NO_COMMON_BLOCKS = YES;
				GCC_WARN_64_TO_32_BIT_CONVERSION = YES;
				GCC_WARN_ABOUT_RETURN_TYPE = YES_ERROR;
				GCC_WARN_UNDECLARED_SELECTOR = YES;
				GCC_WARN_UNINITIALIZED_AUTOS = YES_AGGRESSIVE;
				GCC_WARN_UNUSED_FUNCTION = YES;
				GCC_WARN_UNUSED_VARIABLE = YES;
				MACOSX_DEPLOYMENT_TARGET = 10.15;
				MTL_ENABLE_DEBUG_INFO = NO;
				MTL_FAST_MATH = YES;
				SDKROOT = macosx;
				SWIFT_COMPILATION_MODE = wholemodule;
				SWIFT_OPTIMIZATION_LEVEL = "-O";
			};
			name = Release;
		};
		4CAB68CA2474C15C0094C0F6 /* Debug */ = {
			isa = XCBuildConfiguration;
			buildSettings = {
				ASSETCATALOG_COMPILER_APPICON_NAME = AppIcon;
				CODE_SIGN_ENTITLEMENTS = PBR/PBR.entitlements;
				CODE_SIGN_STYLE = Automatic;
				COMBINE_HIDPI_IMAGES = YES;
				INFOPLIST_FILE = PBR/Info.plist;
				LD_RUNPATH_SEARCH_PATHS = (
					"$(inherited)",
					"@executable_path/../Frameworks",
				);
				PRODUCT_BUNDLE_IDENTIFIER = MKelly.PBR;
				PRODUCT_NAME = "$(TARGET_NAME)";
				SWIFT_OBJC_BRIDGING_HEADER = "$(TARGET_NAME)/PBR-Bridging-Header.h";
				SWIFT_VERSION = 5.0;
			};
			name = Debug;
		};
		4CAB68CB2474C15C0094C0F6 /* Release */ = {
			isa = XCBuildConfiguration;
			buildSettings = {
				ASSETCATALOG_COMPILER_APPICON_NAME = AppIcon;
				CODE_SIGN_ENTITLEMENTS = PBR/PBR.entitlements;
				CODE_SIGN_STYLE = Automatic;
				COMBINE_HIDPI_IMAGES = YES;
				INFOPLIST_FILE = PBR/Info.plist;
				LD_RUNPATH_SEARCH_PATHS = (
					"$(inherited)",
					"@executable_path/../Frameworks",
				);
				PRODUCT_BUNDLE_IDENTIFIER = MKelly.PBR;
				PRODUCT_NAME = "$(TARGET_NAME)";
				SWIFT_OBJC_BRIDGING_HEADER = "$(TARGET_NAME)/PBR-Bridging-Header.h";
				SWIFT_VERSION = 5.0;
			};
			name = Release;
		};
/* End XCBuildConfiguration section */

/* Begin XCConfigurationList section */
		4CAB68AF2474C15A0094C0F6 /* Build configuration list for PBXProject "PBR" */ = {
			isa = XCConfigurationList;
			buildConfigurations = (
				4CAB68C72474C15C0094C0F6 /* Debug */,
				4CAB68C82474C15C0094C0F6 /* Release */,
			);
			defaultConfigurationIsVisible = 0;
			defaultConfigurationName = Release;
		};
		4CAB68C92474C15C0094C0F6 /* Build configuration list for PBXNativeTarget "PBR" */ = {
			isa = XCConfigurationList;
			buildConfigurations = (
				4CAB68CA2474C15C0094C0F6 /* Debug */,
				4CAB68CB2474C15C0094C0F6 /* Release */,
			);
			defaultConfigurationIsVisible = 0;
			defaultConfigurationName = Release;
		};
/* End XCConfigurationList section */
	};
	rootObject = 4CAB68AC2474C15A0094C0F6 /* Project object */;
}
